
Microsoft Visual Studio Solution File, Format Version 12.00
# Visual Studio 15
VisualStudioVersion = 15.0.26730.12
MinimumVisualStudioVersion = 10.0.40219.1
Project("{FAE04EC0-301F-11D3-BF4B-00C04F79EFBC}") = "midify", "src\midify.csproj", "{04440606-745B-47D5-A4B8-AE2C3AEC5B9C}"
EndProject
Project("{2150E333-8FDC-42A3-9474-1A3956D46DE8}") = "Solution Items", "Solution Items", "{4D758858-D8E4-4795-A1F9-231955EA1385}"
EndProject
Global
	GlobalSection(SolutionConfigurationPlatforms) = preSolution
		Debug|Any CPU = Debug|Any CPU
		Release|Any CPU = Release|Any CPU
	EndGlobalSection
	GlobalSection(ProjectConfigurationPlatforms) = postSolution
		{04440606-745B-47D5-A4B8-AE2C3AEC5B9C}.Debug|Any CPU.ActiveCfg = Debug|Any CPU
		{04440606-745B-47D5-A4B8-AE2C3AEC5B9C}.Debug|Any CPU.Build.0 = Debug|Any CPU
		{04440606-745B-47D5-A4B8-AE2C3AEC5B9C}.Release|Any CPU.ActiveCfg = Release|Any CPU
		{04440606-745B-47D5-A4B8-AE2C3AEC5B9C}.Release|Any CPU.Build.0 = Release|Any CPU
	EndGlobalSection
	GlobalSection(SolutionProperties) = preSolution
		HideSolutionNode = FALSE
	EndGlobalSection
	GlobalSection(ExtensibilityGlobals) = postSolution
		SolutionGuid = {5367C9E6-3C1E-4EF8-9378-4183A9A2736E}
	EndGlobalSection
EndGlobal
